<?xml version="1.0" encoding="utf-8"?>
<Project ToolsVersion="4.0" xmlns="http://schemas.microsoft.com/developer/msbuild/2003">
  <ItemGroup>
    <Filter Include="Source files">
      <UniqueIdentifier>{ef80d904-e7f4-420e-906d-4ba3770166b9}</UniqueIdentifier>
      <Extensions>cpp;c;cc;cxx;def;odl;idl;hpj;bat;asm;asmx</Extensions>
    </Filter>
    <Filter Include="Header files">
      <UniqueIdentifier>{59a6356c-a19b-4251-ad53-9077e9666c3e}</UniqueIdentifier>
      <Extensions>h;hpp;hxx;hm;inl;inc;xsd</Extensions>
    </Filter>
    <Filter Include="Resource files">
      <UniqueIdentifier>{128e1490-59ce-4547-baa3-1db572537d4a}</UniqueIdentifier>
      <Extensions>rc;ico;cur;bmp;dlg;rc2;rct;bin;rgs;gif;jpg;jpeg;jpe;resx;tiff;tif;png;wav</Extensions>
    </Filter>
    <Filter Include="Source files\Device-specific files">
      <UniqueIdentifier>{7fb8f1b4-46cf-4652-9b85-0a3f333d3f0a}</UniqueIdentifier>
    </Filter>
    <Filter Include="Header files\Device-specific files">
      <UniqueIdentifier>{9d5a5598-03b5-4532-9c0c-dc8aab624b95}</UniqueIdentifier>
    </Filter>
    <Filter Include="VisualGDB settings">
      <UniqueIdentifier>{a74f271e-cdc3-4406-b653-e7f6bab3b651}</UniqueIdentifier>
      <Extensions>vgdbsettings</Extensions>
    </Filter>
  </ItemGroup>
  <ItemGroup>
    <ClCompile Include="can_driv.cpp">
      <Filter>Source files</Filter>
    </ClCompile>
    <ClCompile Include="main.cpp">
      <Filter>Source files</Filter>
    </ClCompile>
  </ItemGroup>
  <ItemGroup>
    <None Include="avr.props">
      <Filter>Source files\Device-specific files</Filter>
    </None>
    <None Include="windscreen-wiper-control-system-Debug.vgdbsettings">
      <Filter>VisualGDB settings</Filter>
    </None>
    <None Include="windscreen-wiper-control-system-Release.vgdbsettings">
      <Filter>VisualGDB settings</Filter>
    </None>
  </ItemGroup>
  <ItemGroup>
    <Xml Include="avr.xml">
      <Filter>VisualGDB settings</Filter>
    </Xml>
  </ItemGroup>
  <ItemGroup>
    <ClInclude Include="can_driv.h">
      <Filter>Header files</Filter>
    </ClInclude>
  </ItemGroup>
</Project>